
Microsoft Visual Studio Solution File, Format Version 12.00
# Visual Studio 15
VisualStudioVersion = 15.0.28307.136
MinimumVisualStudioVersion = 10.0.40219.1
Project("{FAE04EC0-301F-11D3-BF4B-00C04F79EFBC}") = "myMVCApp", "myMVCApp\myMVCApp.csproj", "{405BD9E4-5449-40BE-AE2B-3C927B67E409}"
EndProject
Global
	GlobalSection(SolutionConfigurationPlatforms) = preSolution
		Debug|Any CPU = Debug|Any CPU
		Release|Any CPU = Release|Any CPU
	EndGlobalSection
	GlobalSection(ProjectConfigurationPlatforms) = postSolution
		{405BD9E4-5449-40BE-AE2B-3C927B67E409}.Debug|Any CPU.ActiveCfg = Debug|Any CPU
		{405BD9E4-5449-40BE-AE2B-3C927B67E409}.Debug|Any CPU.Build.0 = Debug|Any CPU
		{405BD9E4-5449-40BE-AE2B-3C927B67E409}.Release|Any CPU.ActiveCfg = Release|Any CPU
		{405BD9E4-5449-40BE-AE2B-3C927B67E409}.Release|Any CPU.Build.0 = Release|Any CPU
	EndGlobalSection
	GlobalSection(SolutionProperties) = preSolution
		HideSolutionNode = FALSE
	EndGlobalSection
	GlobalSection(ExtensibilityGlobals) = postSolution
		SolutionGuid = {79012383-0E8B-4EDF-8898-0361E4433322}
	EndGlobalSection
EndGlobal
